<?xml version="1.0" encoding="utf-8"?>
<Project ToolsVersion="4.0" xmlns="http://schemas.microsoft.com/developer/msbuild/2003">
  <ItemGroup>
    <Filter Include="Source Files">
      <UniqueIdentifier>{4FC737F1-C7A5-4376-A066-2A32D752A2FF}</UniqueIdentifier>
      <Extensions>cpp;c;cc;cxx;c++;def;odl;idl;hpj;bat;asm;asmx</Extensions>
    </Filter>
    <Filter Include="Assets">
      <UniqueIdentifier>{D84E16C2-74A7-43C5-A6D3-15C445C5D50F}</UniqueIdentifier>
    </Filter>
  </ItemGroup>
  <ItemGroup>
    <ClCompile Include="src\main.cpp">
      <Filter>Source Files</Filter>
    </ClCompile>
  </ItemGroup>
  <ItemGroup>
    <None Include="Shader.hlsl" />
    <None Include="README.txt" />
    <None Include="assets\crate.dds"><Filter>Assets</Filter></None>
    <None Include="assets\metal.dds"><Filter>Assets</Filter></None>
    <None Include="assets\energy.dds"><Filter>Assets</Filter></None>
  </ItemGroup>
</Project>
